{
  "name": "express-monitor",
  "version": "0.0.1",
  "lockfileVersion": 1,
  "requires": true,
  "dependencies": {
    "bintrees": {
      "version": "1.0.1",
      "resolved": "https://registry.npmjs.org/bintrees/-/bintrees-1.0.1.tgz",
      "integrity": "sha1-DmVcm5wkNeqraL9AJyJtK1WjRSQ="
    },
    "prom-client": {
      "version": "11.5.3",
      "resolved": "https://registry.npmjs.org/prom-client/-/prom-client-11.5.3.tgz",
      "integrity": "sha512-iz22FmTbtkyL2vt0MdDFY+kWof+S9UB/NACxSn2aJcewtw+EERsen0urSkZ2WrHseNdydsvcxCTAnPcSMZZv4Q==",
      "requires": {
        "tdigest": "^0.1.1"
      }
    },
    "tdigest": {
      "version": "0.1.1",
      "resolved": "https://registry.npmjs.org/tdigest/-/tdigest-0.1.1.tgz",
      "integrity": "sha1-Ljyyw56kSeVdHmzZEReszKRYgCE=",
      "requires": {
        "bintrees": "1.0.1"
      }
    }
  }
}
